{
    "name": "titanpl-sdk",
    "version": "0.1.7",
    "lockfileVersion": 3,
    "requires": true,
    "packages": {
        "": {
            "name": "titanpl-sdk",
            "version": "0.1.7",
            "license": "ISC",
            "dependencies": {
                "@titanpl/core": "^1.0.1"
            },
            "bin": {
                "titanpl-sdk": "bin/run.js"
            }
        },
        "node_modules/@titanpl/core": {
            "version": "1.0.1",
            "resolved": "https://registry.npmjs.org/@titanpl/core/-/core-1.0.1.tgz",
            "integrity": "sha512-5zcDMNnf+oghKkQMiPBFuhLlRy2IASyWMAAMgfqa4AzoXxiw2BzzfN0B2EA76Dy9AhCeK2mY84Zm+FSE7ANVFg==",
            "license": "ISC",
            "engines": {
                "node": ">=18.0.0"
            }
        }
    }
}
